// !$*UTF8*$!
{
	archiveVersion = 1;
	classes = {
	};
	objectVersion = 55;
	objects = {

/* Begin PBXFileReference section */
		FB00D8C82778C13A00F32141 /* Quiz.swift */ = {isa = PBXFileReference; lastKnownFileType = sourcecode.swift; path = Quiz.swift; sourceTree = "<group>"; };
/* End PBXFileReference section */

/* Begin PBXGroup section */
		FB00D8BF2778C11C00F32141 = {
			isa = PBXGroup;
			children = (
				FB00D8C62778C12100F32141 /* Programmers */,
			);
			sourceTree = "<group>";
		};
		FB00D8C62778C12100F32141 /* Programmers */ = {
			isa = PBXGroup;
			children = (
				FB00D8C72778C12A00F32141 /* Level2 */,
			);
			path = Programmers;
			sourceTree = "<group>";
		};
		FB00D8C72778C12A00F32141 /* Level2 */ = {
			isa = PBXGroup;
			children = (
				FB00D8C82778C13A00F32141 /* Quiz.swift */,
			);
			path = Level2;
			sourceTree = "<group>";
		};
/* End PBXGroup section */

/* Begin PBXProject section */
		FB00D8C02778C11C00F32141 /* Project object */ = {
			isa = PBXProject;
			attributes = {
				BuildIndependentTargetsInParallel = 1;
				LastUpgradeCheck = 1320;
			};
			buildConfigurationList = FB00D8C32778C11C00F32141 /* Build configuration list for PBXProject "HyUkQuiz" */;
			compatibilityVersion = "Xcode 13.0";
			developmentRegion = en;
			hasScannedForEncodings = 0;
			knownRegions = (
				en,
				Base,
			);
			mainGroup = FB00D8BF2778C11C00F32141;
			projectDirPath = "";
			projectRoot = "";
			targets = (
			);
		};
/* End PBXProject section */

/* Begin XCBuildConfiguration section */
		FB00D8C42778C11C00F32141 /* Debug */ = {
			isa = XCBuildConfiguration;
			buildSettings = {
			};
			name = Debug;
		};
		FB00D8C52778C11C00F32141 /* Release */ = {
			isa = XCBuildConfiguration;
			buildSettings = {
			};
			name = Release;
		};
/* End XCBuildConfiguration section */

/* Begin XCConfigurationList section */
		FB00D8C32778C11C00F32141 /* Build configuration list for PBXProject "HyUkQuiz" */ = {
			isa = XCConfigurationList;
			buildConfigurations = (
				FB00D8C42778C11C00F32141 /* Debug */,
				FB00D8C52778C11C00F32141 /* Release */,
			);
			defaultConfigurationIsVisible = 0;
			defaultConfigurationName = Release;
		};
/* End XCConfigurationList section */
	};
	rootObject = FB00D8C02778C11C00F32141 /* Project object */;
}
